{
  "name": "@skyscanner/cra-template-backpack",
  "version": "0.0.9",
  "lockfileVersion": 3,
  "requires": true,
  "packages": {
    "": {
      "name": "@skyscanner/cra-template-backpack",
      "version": "0.0.9",
      "license": "MIT",
      "engines": {
        "node": ">=10"
      }
    }
  }
}
